
Microsoft Visual Studio Solution File, Format Version 12.00
# Visual Studio 15
VisualStudioVersion = 15.0.27130.2027
MinimumVisualStudioVersion = 10.0.40219.1
Project("{FAE04EC0-301F-11D3-BF4B-00C04F79EFBC}") = "WiimoteController", "WiimoteController\WiimoteController.csproj", "{A0DCBDCC-22CE-42A6-BB3A-34DBB4FC606F}"
EndProject
Project("{FAE04EC0-301F-11D3-BF4B-00C04F79EFBC}") = "WiimoteLib", "WiimoteLib\WiimoteLib.csproj", "{37A555DF-7012-4B99-8A47-1C922A361E52}"
EndProject
Project("{FAE04EC0-301F-11D3-BF4B-00C04F79EFBC}") = "ReportInspector", "ReportInspector\ReportInspector.csproj", "{CC575643-DAA3-42ED-8FE3-EA4A6BFC0BB8}"
EndProject
Project("{8BC9CEB8-8B4A-11D0-8D11-00A0C91BC942}") = "Wav2ADPCM", "Wav2ADPCM\Wav2ADPCM.vcxproj", "{932C0017-AB7C-4CFA-9A4E-C8D3AAC18899}"
EndProject
Project("{FAE04EC0-301F-11D3-BF4B-00C04F79EFBC}") = "WiimoteAudioPlayer", "WiimoteAudioPlayer\WiimoteAudioPlayer.csproj", "{A15D21A6-F564-460C-BD59-59AC920DEAE2}"
EndProject
Project("{2150E333-8FDC-42A3-9474-1A3956D46DE8}") = "Programs", "Programs", "{1B11E642-F682-4F60-A423-427628071D3B}"
EndProject
Global
	GlobalSection(SolutionConfigurationPlatforms) = preSolution
		CodeAnalysis|Any CPU = CodeAnalysis|Any CPU
		CodeAnalysis|x64 = CodeAnalysis|x64
		CodeAnalysis|x86 = CodeAnalysis|x86
		Debug MSRS|Any CPU = Debug MSRS|Any CPU
		Debug MSRS|x64 = Debug MSRS|x64
		Debug MSRS|x86 = Debug MSRS|x86
		Debug|Any CPU = Debug|Any CPU
		Debug|x64 = Debug|x64
		Debug|x86 = Debug|x86
		MSRS Debug|Any CPU = MSRS Debug|Any CPU
		MSRS Debug|x64 = MSRS Debug|x64
		MSRS Debug|x86 = MSRS Debug|x86
		Release MSRS|Any CPU = Release MSRS|Any CPU
		Release MSRS|x64 = Release MSRS|x64
		Release MSRS|x86 = Release MSRS|x86
		Release|Any CPU = Release|Any CPU
		Release|x64 = Release|x64
		Release|x86 = Release|x86
	EndGlobalSection
	GlobalSection(ProjectConfigurationPlatforms) = postSolution
		{A0DCBDCC-22CE-42A6-BB3A-34DBB4FC606F}.CodeAnalysis|Any CPU.ActiveCfg = Release|Any CPU
		{A0DCBDCC-22CE-42A6-BB3A-34DBB4FC606F}.CodeAnalysis|Any CPU.Build.0 = Release|Any CPU
		{A0DCBDCC-22CE-42A6-BB3A-34DBB4FC606F}.CodeAnalysis|x64.ActiveCfg = Release|Any CPU
		{A0DCBDCC-22CE-42A6-BB3A-34DBB4FC606F}.CodeAnalysis|x64.Build.0 = Release|Any CPU
		{A0DCBDCC-22CE-42A6-BB3A-34DBB4FC606F}.CodeAnalysis|x86.ActiveCfg = Release|Any CPU
		{A0DCBDCC-22CE-42A6-BB3A-34DBB4FC606F}.CodeAnalysis|x86.Build.0 = Release|Any CPU
		{A0DCBDCC-22CE-42A6-BB3A-34DBB4FC606F}.Debug MSRS|Any CPU.ActiveCfg = Debug|Any CPU
		{A0DCBDCC-22CE-42A6-BB3A-34DBB4FC606F}.Debug MSRS|Any CPU.Build.0 = Debug|Any CPU
		{A0DCBDCC-22CE-42A6-BB3A-34DBB4FC606F}.Debug MSRS|x64.ActiveCfg = Debug|Any CPU
		{A0DCBDCC-22CE-42A6-BB3A-34DBB4FC606F}.Debug MSRS|x64.Build.0 = Debug|Any CPU
		{A0DCBDCC-22CE-42A6-BB3A-34DBB4FC606F}.Debug MSRS|x86.ActiveCfg = Debug|Any CPU
		{A0DCBDCC-22CE-42A6-BB3A-34DBB4FC606F}.Debug MSRS|x86.Build.0 = Debug|Any CPU
		{A0DCBDCC-22CE-42A6-BB3A-34DBB4FC606F}.Debug|Any CPU.ActiveCfg = Debug|Any CPU
		{A0DCBDCC-22CE-42A6-BB3A-34DBB4FC606F}.Debug|Any CPU.Build.0 = Debug|Any CPU
		{A0DCBDCC-22CE-42A6-BB3A-34DBB4FC606F}.Debug|x64.ActiveCfg = Debug|Any CPU
		{A0DCBDCC-22CE-42A6-BB3A-34DBB4FC606F}.Debug|x64.Build.0 = Debug|Any CPU
		{A0DCBDCC-22CE-42A6-BB3A-34DBB4FC606F}.Debug|x86.ActiveCfg = Debug|Any CPU
		{A0DCBDCC-22CE-42A6-BB3A-34DBB4FC606F}.Debug|x86.Build.0 = Debug|Any CPU
		{A0DCBDCC-22CE-42A6-BB3A-34DBB4FC606F}.MSRS Debug|Any CPU.ActiveCfg = Debug|Any CPU
		{A0DCBDCC-22CE-42A6-BB3A-34DBB4FC606F}.MSRS Debug|Any CPU.Build.0 = Debug|Any CPU
		{A0DCBDCC-22CE-42A6-BB3A-34DBB4FC606F}.MSRS Debug|x64.ActiveCfg = Debug|Any CPU
		{A0DCBDCC-22CE-42A6-BB3A-34DBB4FC606F}.MSRS Debug|x64.Build.0 = Debug|Any CPU
		{A0DCBDCC-22CE-42A6-BB3A-34DBB4FC606F}.MSRS Debug|x86.ActiveCfg = Debug|Any CPU
		{A0DCBDCC-22CE-42A6-BB3A-34DBB4FC606F}.MSRS Debug|x86.Build.0 = Debug|Any CPU
		{A0DCBDCC-22CE-42A6-BB3A-34DBB4FC606F}.Release MSRS|Any CPU.ActiveCfg = Release|Any CPU
		{A0DCBDCC-22CE-42A6-BB3A-34DBB4FC606F}.Release MSRS|Any CPU.Build.0 = Release|Any CPU
		{A0DCBDCC-22CE-42A6-BB3A-34DBB4FC606F}.Release MSRS|x64.ActiveCfg = Release|Any CPU
		{A0DCBDCC-22CE-42A6-BB3A-34DBB4FC606F}.Release MSRS|x64.Build.0 = Release|Any CPU
		{A0DCBDCC-22CE-42A6-BB3A-34DBB4FC606F}.Release MSRS|x86.ActiveCfg = Release|Any CPU
		{A0DCBDCC-22CE-42A6-BB3A-34DBB4FC606F}.Release MSRS|x86.Build.0 = Release|Any CPU
		{A0DCBDCC-22CE-42A6-BB3A-34DBB4FC606F}.Release|Any CPU.ActiveCfg = Release|Any CPU
		{A0DCBDCC-22CE-42A6-BB3A-34DBB4FC606F}.Release|Any CPU.Build.0 = Release|Any CPU
		{A0DCBDCC-22CE-42A6-BB3A-34DBB4FC606F}.Release|x64.ActiveCfg = Release|Any CPU
		{A0DCBDCC-22CE-42A6-BB3A-34DBB4FC606F}.Release|x64.Build.0 = Release|Any CPU
		{A0DCBDCC-22CE-42A6-BB3A-34DBB4FC606F}.Release|x86.ActiveCfg = Release|Any CPU
		{A0DCBDCC-22CE-42A6-BB3A-34DBB4FC606F}.Release|x86.Build.0 = Release|Any CPU
		{37A555DF-7012-4B99-8A47-1C922A361E52}.CodeAnalysis|Any CPU.ActiveCfg = Debug|Any CPU
		{37A555DF-7012-4B99-8A47-1C922A361E52}.CodeAnalysis|Any CPU.Build.0 = Debug|Any CPU
		{37A555DF-7012-4B99-8A47-1C922A361E52}.CodeAnalysis|x64.ActiveCfg = Debug|Any CPU
		{37A555DF-7012-4B99-8A47-1C922A361E52}.CodeAnalysis|x64.Build.0 = Debug|Any CPU
		{37A555DF-7012-4B99-8A47-1C922A361E52}.CodeAnalysis|x86.ActiveCfg = Release|x86
		{37A555DF-7012-4B99-8A47-1C922A361E52}.CodeAnalysis|x86.Build.0 = Release|x86
		{37A555DF-7012-4B99-8A47-1C922A361E52}.Debug MSRS|Any CPU.ActiveCfg = Debug MSRS|Any CPU
		{37A555DF-7012-4B99-8A47-1C922A361E52}.Debug MSRS|Any CPU.Build.0 = Debug MSRS|Any CPU
		{37A555DF-7012-4B99-8A47-1C922A361E52}.Debug MSRS|x64.ActiveCfg = Debug MSRS|Any CPU
		{37A555DF-7012-4B99-8A47-1C922A361E52}.Debug MSRS|x64.Build.0 = Debug MSRS|Any CPU
		{37A555DF-7012-4B99-8A47-1C922A361E52}.Debug MSRS|x86.ActiveCfg = Debug MSRS|x86
		{37A555DF-7012-4B99-8A47-1C922A361E52}.Debug MSRS|x86.Build.0 = Debug MSRS|x86
		{37A555DF-7012-4B99-8A47-1C922A361E52}.Debug|Any CPU.ActiveCfg = Debug|Any CPU
		{37A555DF-7012-4B99-8A47-1C922A361E52}.Debug|Any CPU.Build.0 = Debug|Any CPU
		{37A555DF-7012-4B99-8A47-1C922A361E52}.Debug|x64.ActiveCfg = Debug|Any CPU
		{37A555DF-7012-4B99-8A47-1C922A361E52}.Debug|x64.Build.0 = Debug|Any CPU
		{37A555DF-7012-4B99-8A47-1C922A361E52}.Debug|x86.ActiveCfg = Debug|x86
		{37A555DF-7012-4B99-8A47-1C922A361E52}.Debug|x86.Build.0 = Debug|x86
		{37A555DF-7012-4B99-8A47-1C922A361E52}.MSRS Debug|Any CPU.ActiveCfg = MSRS Debug|Any CPU
		{37A555DF-7012-4B99-8A47-1C922A361E52}.MSRS Debug|Any CPU.Build.0 = MSRS Debug|Any CPU
		{37A555DF-7012-4B99-8A47-1C922A361E52}.MSRS Debug|x64.ActiveCfg = MSRS Debug|Any CPU
		{37A555DF-7012-4B99-8A47-1C922A361E52}.MSRS Debug|x64.Build.0 = MSRS Debug|Any CPU
		{37A555DF-7012-4B99-8A47-1C922A361E52}.MSRS Debug|x86.ActiveCfg = MSRS Debug|x86
		{37A555DF-7012-4B99-8A47-1C922A361E52}.MSRS Debug|x86.Build.0 = MSRS Debug|x86
		{37A555DF-7012-4B99-8A47-1C922A361E52}.Release MSRS|Any CPU.ActiveCfg = Release MSRS|Any CPU
		{37A555DF-7012-4B99-8A47-1C922A361E52}.Release MSRS|Any CPU.Build.0 = Release MSRS|Any CPU
		{37A555DF-7012-4B99-8A47-1C922A361E52}.Release MSRS|x64.ActiveCfg = Release MSRS|Any CPU
		{37A555DF-7012-4B99-8A47-1C922A361E52}.Release MSRS|x64.Build.0 = Release MSRS|Any CPU
		{37A555DF-7012-4B99-8A47-1C922A361E52}.Release MSRS|x86.ActiveCfg = Release MSRS|x86
		{37A555DF-7012-4B99-8A47-1C922A361E52}.Release MSRS|x86.Build.0 = Release MSRS|x86
		{37A555DF-7012-4B99-8A47-1C922A361E52}.Release|Any CPU.ActiveCfg = Release|Any CPU
		{37A555DF-7012-4B99-8A47-1C922A361E52}.Release|Any CPU.Build.0 = Release|Any CPU
		{37A555DF-7012-4B99-8A47-1C922A361E52}.Release|x64.ActiveCfg = Release|Any CPU
		{37A555DF-7012-4B99-8A47-1C922A361E52}.Release|x64.Build.0 = Release|Any CPU
		{37A555DF-7012-4B99-8A47-1C922A361E52}.Release|x86.ActiveCfg = Release|x86
		{37A555DF-7012-4B99-8A47-1C922A361E52}.Release|x86.Build.0 = Release|x86
		{CC575643-DAA3-42ED-8FE3-EA4A6BFC0BB8}.CodeAnalysis|Any CPU.ActiveCfg = Release|Any CPU
		{CC575643-DAA3-42ED-8FE3-EA4A6BFC0BB8}.CodeAnalysis|Any CPU.Build.0 = Release|Any CPU
		{CC575643-DAA3-42ED-8FE3-EA4A6BFC0BB8}.CodeAnalysis|x64.ActiveCfg = Release|Any CPU
		{CC575643-DAA3-42ED-8FE3-EA4A6BFC0BB8}.CodeAnalysis|x64.Build.0 = Release|Any CPU
		{CC575643-DAA3-42ED-8FE3-EA4A6BFC0BB8}.CodeAnalysis|x86.ActiveCfg = Release|Any CPU
		{CC575643-DAA3-42ED-8FE3-EA4A6BFC0BB8}.CodeAnalysis|x86.Build.0 = Release|Any CPU
		{CC575643-DAA3-42ED-8FE3-EA4A6BFC0BB8}.Debug MSRS|Any CPU.ActiveCfg = Debug|Any CPU
		{CC575643-DAA3-42ED-8FE3-EA4A6BFC0BB8}.Debug MSRS|Any CPU.Build.0 = Debug|Any CPU
		{CC575643-DAA3-42ED-8FE3-EA4A6BFC0BB8}.Debug MSRS|x64.ActiveCfg = Debug|Any CPU
		{CC575643-DAA3-42ED-8FE3-EA4A6BFC0BB8}.Debug MSRS|x64.Build.0 = Debug|Any CPU
		{CC575643-DAA3-42ED-8FE3-EA4A6BFC0BB8}.Debug MSRS|x86.ActiveCfg = Debug|Any CPU
		{CC575643-DAA3-42ED-8FE3-EA4A6BFC0BB8}.Debug MSRS|x86.Build.0 = Debug|Any CPU
		{CC575643-DAA3-42ED-8FE3-EA4A6BFC0BB8}.Debug|Any CPU.ActiveCfg = Debug|Any CPU
		{CC575643-DAA3-42ED-8FE3-EA4A6BFC0BB8}.Debug|Any CPU.Build.0 = Debug|Any CPU
		{CC575643-DAA3-42ED-8FE3-EA4A6BFC0BB8}.Debug|x64.ActiveCfg = Debug|Any CPU
		{CC575643-DAA3-42ED-8FE3-EA4A6BFC0BB8}.Debug|x64.Build.0 = Debug|Any CPU
		{CC575643-DAA3-42ED-8FE3-EA4A6BFC0BB8}.Debug|x86.ActiveCfg = Debug|Any CPU
		{CC575643-DAA3-42ED-8FE3-EA4A6BFC0BB8}.Debug|x86.Build.0 = Debug|Any CPU
		{CC575643-DAA3-42ED-8FE3-EA4A6BFC0BB8}.MSRS Debug|Any CPU.ActiveCfg = Debug|Any CPU
		{CC575643-DAA3-42ED-8FE3-EA4A6BFC0BB8}.MSRS Debug|Any CPU.Build.0 = Debug|Any CPU
		{CC575643-DAA3-42ED-8FE3-EA4A6BFC0BB8}.MSRS Debug|x64.ActiveCfg = Debug|Any CPU
		{CC575643-DAA3-42ED-8FE3-EA4A6BFC0BB8}.MSRS Debug|x64.Build.0 = Debug|Any CPU
		{CC575643-DAA3-42ED-8FE3-EA4A6BFC0BB8}.MSRS Debug|x86.ActiveCfg = Debug|Any CPU
		{CC575643-DAA3-42ED-8FE3-EA4A6BFC0BB8}.MSRS Debug|x86.Build.0 = Debug|Any CPU
		{CC575643-DAA3-42ED-8FE3-EA4A6BFC0BB8}.Release MSRS|Any CPU.ActiveCfg = Release|Any CPU
		{CC575643-DAA3-42ED-8FE3-EA4A6BFC0BB8}.Release MSRS|Any CPU.Build.0 = Release|Any CPU
		{CC575643-DAA3-42ED-8FE3-EA4A6BFC0BB8}.Release MSRS|x64.ActiveCfg = Release|Any CPU
		{CC575643-DAA3-42ED-8FE3-EA4A6BFC0BB8}.Release MSRS|x64.Build.0 = Release|Any CPU
		{CC575643-DAA3-42ED-8FE3-EA4A6BFC0BB8}.Release MSRS|x86.ActiveCfg = Release|Any CPU
		{CC575643-DAA3-42ED-8FE3-EA4A6BFC0BB8}.Release MSRS|x86.Build.0 = Release|Any CPU
		{CC575643-DAA3-42ED-8FE3-EA4A6BFC0BB8}.Release|Any CPU.ActiveCfg = Release|Any CPU
		{CC575643-DAA3-42ED-8FE3-EA4A6BFC0BB8}.Release|Any CPU.Build.0 = Release|Any CPU
		{CC575643-DAA3-42ED-8FE3-EA4A6BFC0BB8}.Release|x64.ActiveCfg = Release|Any CPU
		{CC575643-DAA3-42ED-8FE3-EA4A6BFC0BB8}.Release|x64.Build.0 = Release|Any CPU
		{CC575643-DAA3-42ED-8FE3-EA4A6BFC0BB8}.Release|x86.ActiveCfg = Release|Any CPU
		{CC575643-DAA3-42ED-8FE3-EA4A6BFC0BB8}.Release|x86.Build.0 = Release|Any CPU
		{932C0017-AB7C-4CFA-9A4E-C8D3AAC18899}.CodeAnalysis|Any CPU.ActiveCfg = Release|x64
		{932C0017-AB7C-4CFA-9A4E-C8D3AAC18899}.CodeAnalysis|Any CPU.Build.0 = Release|x64
		{932C0017-AB7C-4CFA-9A4E-C8D3AAC18899}.CodeAnalysis|x64.ActiveCfg = Release|x64
		{932C0017-AB7C-4CFA-9A4E-C8D3AAC18899}.CodeAnalysis|x64.Build.0 = Release|x64
		{932C0017-AB7C-4CFA-9A4E-C8D3AAC18899}.CodeAnalysis|x86.ActiveCfg = Release|Win32
		{932C0017-AB7C-4CFA-9A4E-C8D3AAC18899}.CodeAnalysis|x86.Build.0 = Release|Win32
		{932C0017-AB7C-4CFA-9A4E-C8D3AAC18899}.Debug MSRS|Any CPU.ActiveCfg = Release|x64
		{932C0017-AB7C-4CFA-9A4E-C8D3AAC18899}.Debug MSRS|Any CPU.Build.0 = Release|x64
		{932C0017-AB7C-4CFA-9A4E-C8D3AAC18899}.Debug MSRS|x64.ActiveCfg = Debug|x64
		{932C0017-AB7C-4CFA-9A4E-C8D3AAC18899}.Debug MSRS|x64.Build.0 = Debug|x64
		{932C0017-AB7C-4CFA-9A4E-C8D3AAC18899}.Debug MSRS|x86.ActiveCfg = Debug|Win32
		{932C0017-AB7C-4CFA-9A4E-C8D3AAC18899}.Debug MSRS|x86.Build.0 = Debug|Win32
		{932C0017-AB7C-4CFA-9A4E-C8D3AAC18899}.Debug|Any CPU.ActiveCfg = Debug|Win32
		{932C0017-AB7C-4CFA-9A4E-C8D3AAC18899}.Debug|x64.ActiveCfg = Debug|x64
		{932C0017-AB7C-4CFA-9A4E-C8D3AAC18899}.Debug|x64.Build.0 = Debug|x64
		{932C0017-AB7C-4CFA-9A4E-C8D3AAC18899}.Debug|x86.ActiveCfg = Debug|Win32
		{932C0017-AB7C-4CFA-9A4E-C8D3AAC18899}.Debug|x86.Build.0 = Debug|Win32
		{932C0017-AB7C-4CFA-9A4E-C8D3AAC18899}.MSRS Debug|Any CPU.ActiveCfg = Release|x64
		{932C0017-AB7C-4CFA-9A4E-C8D3AAC18899}.MSRS Debug|Any CPU.Build.0 = Release|x64
		{932C0017-AB7C-4CFA-9A4E-C8D3AAC18899}.MSRS Debug|x64.ActiveCfg = Debug|x64
		{932C0017-AB7C-4CFA-9A4E-C8D3AAC18899}.MSRS Debug|x64.Build.0 = Debug|x64
		{932C0017-AB7C-4CFA-9A4E-C8D3AAC18899}.MSRS Debug|x86.ActiveCfg = Debug|Win32
		{932C0017-AB7C-4CFA-9A4E-C8D3AAC18899}.MSRS Debug|x86.Build.0 = Debug|Win32
		{932C0017-AB7C-4CFA-9A4E-C8D3AAC18899}.Release MSRS|Any CPU.ActiveCfg = Release|x64
		{932C0017-AB7C-4CFA-9A4E-C8D3AAC18899}.Release MSRS|Any CPU.Build.0 = Release|x64
		{932C0017-AB7C-4CFA-9A4E-C8D3AAC18899}.Release MSRS|x64.ActiveCfg = Release|x64
		{932C0017-AB7C-4CFA-9A4E-C8D3AAC18899}.Release MSRS|x64.Build.0 = Release|x64
		{932C0017-AB7C-4CFA-9A4E-C8D3AAC18899}.Release MSRS|x86.ActiveCfg = Release|Win32
		{932C0017-AB7C-4CFA-9A4E-C8D3AAC18899}.Release MSRS|x86.Build.0 = Release|Win32
		{932C0017-AB7C-4CFA-9A4E-C8D3AAC18899}.Release|Any CPU.ActiveCfg = Release|Win32
		{932C0017-AB7C-4CFA-9A4E-C8D3AAC18899}.Release|x64.ActiveCfg = Release|x64
		{932C0017-AB7C-4CFA-9A4E-C8D3AAC18899}.Release|x64.Build.0 = Release|x64
		{932C0017-AB7C-4CFA-9A4E-C8D3AAC18899}.Release|x86.ActiveCfg = Release|Win32
		{932C0017-AB7C-4CFA-9A4E-C8D3AAC18899}.Release|x86.Build.0 = Release|Win32
		{A15D21A6-F564-460C-BD59-59AC920DEAE2}.CodeAnalysis|Any CPU.ActiveCfg = Release|Any CPU
		{A15D21A6-F564-460C-BD59-59AC920DEAE2}.CodeAnalysis|Any CPU.Build.0 = Release|Any CPU
		{A15D21A6-F564-460C-BD59-59AC920DEAE2}.CodeAnalysis|x64.ActiveCfg = Release|Any CPU
		{A15D21A6-F564-460C-BD59-59AC920DEAE2}.CodeAnalysis|x64.Build.0 = Release|Any CPU
		{A15D21A6-F564-460C-BD59-59AC920DEAE2}.CodeAnalysis|x86.ActiveCfg = Release|Any CPU
		{A15D21A6-F564-460C-BD59-59AC920DEAE2}.CodeAnalysis|x86.Build.0 = Release|Any CPU
		{A15D21A6-F564-460C-BD59-59AC920DEAE2}.Debug MSRS|Any CPU.ActiveCfg = Debug|Any CPU
		{A15D21A6-F564-460C-BD59-59AC920DEAE2}.Debug MSRS|Any CPU.Build.0 = Debug|Any CPU
		{A15D21A6-F564-460C-BD59-59AC920DEAE2}.Debug MSRS|x64.ActiveCfg = Debug|Any CPU
		{A15D21A6-F564-460C-BD59-59AC920DEAE2}.Debug MSRS|x64.Build.0 = Debug|Any CPU
		{A15D21A6-F564-460C-BD59-59AC920DEAE2}.Debug MSRS|x86.ActiveCfg = Debug|Any CPU
		{A15D21A6-F564-460C-BD59-59AC920DEAE2}.Debug MSRS|x86.Build.0 = Debug|Any CPU
		{A15D21A6-F564-460C-BD59-59AC920DEAE2}.Debug|Any CPU.ActiveCfg = Debug|Any CPU
		{A15D21A6-F564-460C-BD59-59AC920DEAE2}.Debug|Any CPU.Build.0 = Debug|Any CPU
		{A15D21A6-F564-460C-BD59-59AC920DEAE2}.Debug|x64.ActiveCfg = Debug|Any CPU
		{A15D21A6-F564-460C-BD59-59AC920DEAE2}.Debug|x64.Build.0 = Debug|Any CPU
		{A15D21A6-F564-460C-BD59-59AC920DEAE2}.Debug|x86.ActiveCfg = Debug|Any CPU
		{A15D21A6-F564-460C-BD59-59AC920DEAE2}.Debug|x86.Build.0 = Debug|Any CPU
		{A15D21A6-F564-460C-BD59-59AC920DEAE2}.MSRS Debug|Any CPU.ActiveCfg = Debug|Any CPU
		{A15D21A6-F564-460C-BD59-59AC920DEAE2}.MSRS Debug|Any CPU.Build.0 = Debug|Any CPU
		{A15D21A6-F564-460C-BD59-59AC920DEAE2}.MSRS Debug|x64.ActiveCfg = Debug|Any CPU
		{A15D21A6-F564-460C-BD59-59AC920DEAE2}.MSRS Debug|x64.Build.0 = Debug|Any CPU
		{A15D21A6-F564-460C-BD59-59AC920DEAE2}.MSRS Debug|x86.ActiveCfg = Debug|Any CPU
		{A15D21A6-F564-460C-BD59-59AC920DEAE2}.MSRS Debug|x86.Build.0 = Debug|Any CPU
		{A15D21A6-F564-460C-BD59-59AC920DEAE2}.Release MSRS|Any CPU.ActiveCfg = Release|Any CPU
		{A15D21A6-F564-460C-BD59-59AC920DEAE2}.Release MSRS|Any CPU.Build.0 = Release|Any CPU
		{A15D21A6-F564-460C-BD59-59AC920DEAE2}.Release MSRS|x64.ActiveCfg = Release|Any CPU
		{A15D21A6-F564-460C-BD59-59AC920DEAE2}.Release MSRS|x64.Build.0 = Release|Any CPU
		{A15D21A6-F564-460C-BD59-59AC920DEAE2}.Release MSRS|x86.ActiveCfg = Release|Any CPU
		{A15D21A6-F564-460C-BD59-59AC920DEAE2}.Release MSRS|x86.Build.0 = Release|Any CPU
		{A15D21A6-F564-460C-BD59-59AC920DEAE2}.Release|Any CPU.ActiveCfg = Release|Any CPU
		{A15D21A6-F564-460C-BD59-59AC920DEAE2}.Release|Any CPU.Build.0 = Release|Any CPU
		{A15D21A6-F564-460C-BD59-59AC920DEAE2}.Release|x64.ActiveCfg = Release|Any CPU
		{A15D21A6-F564-460C-BD59-59AC920DEAE2}.Release|x64.Build.0 = Release|Any CPU
		{A15D21A6-F564-460C-BD59-59AC920DEAE2}.Release|x86.ActiveCfg = Release|Any CPU
		{A15D21A6-F564-460C-BD59-59AC920DEAE2}.Release|x86.Build.0 = Release|Any CPU
	EndGlobalSection
	GlobalSection(SolutionProperties) = preSolution
		HideSolutionNode = FALSE
	EndGlobalSection
	GlobalSection(NestedProjects) = preSolution
		{A0DCBDCC-22CE-42A6-BB3A-34DBB4FC606F} = {1B11E642-F682-4F60-A423-427628071D3B}
		{CC575643-DAA3-42ED-8FE3-EA4A6BFC0BB8} = {1B11E642-F682-4F60-A423-427628071D3B}
		{932C0017-AB7C-4CFA-9A4E-C8D3AAC18899} = {1B11E642-F682-4F60-A423-427628071D3B}
		{A15D21A6-F564-460C-BD59-59AC920DEAE2} = {1B11E642-F682-4F60-A423-427628071D3B}
	EndGlobalSection
	GlobalSection(ExtensibilityGlobals) = postSolution
		SolutionGuid = {2EB5464B-201D-4EBB-A9E9-342B32436ABA}
	EndGlobalSection
EndGlobal
